
Microsoft Visual Studio Solution File, Format Version 12.00
# Visual Studio Version 17
VisualStudioVersion = 17.0.31903.59
MinimumVisualStudioVersion = 10.0.40219.1
Project("{2150E333-8FDC-42A3-9474-1A3956D46DE8}") = "src", "src", "{808D53DB-6E94-43DA-8618-0E4587C08998}"
EndProject
Project("{FAE04EC0-301F-11D3-BF4B-00C04F79EFBC}") = "OhioPayroll.Core", "src\OhioPayroll.Core\OhioPayroll.Core.csproj", "{0C380107-4107-40CE-B369-6B6C88458052}"
EndProject
Project("{FAE04EC0-301F-11D3-BF4B-00C04F79EFBC}") = "OhioPayroll.Engine", "src\OhioPayroll.Engine\OhioPayroll.Engine.csproj", "{E8CDD7AC-775F-4B89-AB70-32F6BC7EC54F}"
EndProject
Project("{FAE04EC0-301F-11D3-BF4B-00C04F79EFBC}") = "OhioPayroll.Data", "src\OhioPayroll.Data\OhioPayroll.Data.csproj", "{A4F6BE27-B231-478A-82E5-788E29A81910}"
EndProject
Project("{FAE04EC0-301F-11D3-BF4B-00C04F79EFBC}") = "OhioPayroll.App", "src\OhioPayroll.App\OhioPayroll.App.csproj", "{35D601DD-5642-4FED-94B1-5C22F0B630FE}"
EndProject
Project("{2150E333-8FDC-42A3-9474-1A3956D46DE8}") = "tests", "tests", "{0CFABC8E-27F4-43F5-B0C2-D9616DC19632}"
EndProject
Project("{FAE04EC0-301F-11D3-BF4B-00C04F79EFBC}") = "OhioPayroll.Engine.Tests", "tests\OhioPayroll.Engine.Tests\OhioPayroll.Engine.Tests.csproj", "{960D9FC8-C118-4209-923E-678B93455E48}"
EndProject
Project("{FAE04EC0-301F-11D3-BF4B-00C04F79EFBC}") = "OhioPayroll.Data.Tests", "tests\OhioPayroll.Data.Tests\OhioPayroll.Data.Tests.csproj", "{58A4EBD6-D7B4-4AE2-96FE-E570EDA6EFA9}"
EndProject
Global
	GlobalSection(SolutionConfigurationPlatforms) = preSolution
		Debug|Any CPU = Debug|Any CPU
		Release|Any CPU = Release|Any CPU
	EndGlobalSection
	GlobalSection(SolutionProperties) = preSolution
		HideSolutionNode = FALSE
	EndGlobalSection
	GlobalSection(ProjectConfigurationPlatforms) = postSolution
		{0C380107-4107-40CE-B369-6B6C88458052}.Debug|Any CPU.ActiveCfg = Debug|Any CPU
		{0C380107-4107-40CE-B369-6B6C88458052}.Debug|Any CPU.Build.0 = Debug|Any CPU
		{0C380107-4107-40CE-B369-6B6C88458052}.Release|Any CPU.ActiveCfg = Release|Any CPU
		{0C380107-4107-40CE-B369-6B6C88458052}.Release|Any CPU.Build.0 = Release|Any CPU
		{E8CDD7AC-775F-4B89-AB70-32F6BC7EC54F}.Debug|Any CPU.ActiveCfg = Debug|Any CPU
		{E8CDD7AC-775F-4B89-AB70-32F6BC7EC54F}.Debug|Any CPU.Build.0 = Debug|Any CPU
		{E8CDD7AC-775F-4B89-AB70-32F6BC7EC54F}.Release|Any CPU.ActiveCfg = Release|Any CPU
		{E8CDD7AC-775F-4B89-AB70-32F6BC7EC54F}.Release|Any CPU.Build.0 = Release|Any CPU
		{A4F6BE27-B231-478A-82E5-788E29A81910}.Debug|Any CPU.ActiveCfg = Debug|Any CPU
		{A4F6BE27-B231-478A-82E5-788E29A81910}.Debug|Any CPU.Build.0 = Debug|Any CPU
		{A4F6BE27-B231-478A-82E5-788E29A81910}.Release|Any CPU.ActiveCfg = Release|Any CPU
		{A4F6BE27-B231-478A-82E5-788E29A81910}.Release|Any CPU.Build.0 = Release|Any CPU
		{35D601DD-5642-4FED-94B1-5C22F0B630FE}.Debug|Any CPU.ActiveCfg = Debug|Any CPU
		{35D601DD-5642-4FED-94B1-5C22F0B630FE}.Debug|Any CPU.Build.0 = Debug|Any CPU
		{35D601DD-5642-4FED-94B1-5C22F0B630FE}.Release|Any CPU.ActiveCfg = Release|Any CPU
		{35D601DD-5642-4FED-94B1-5C22F0B630FE}.Release|Any CPU.Build.0 = Release|Any CPU
		{960D9FC8-C118-4209-923E-678B93455E48}.Debug|Any CPU.ActiveCfg = Debug|Any CPU
		{960D9FC8-C118-4209-923E-678B93455E48}.Debug|Any CPU.Build.0 = Debug|Any CPU
		{960D9FC8-C118-4209-923E-678B93455E48}.Release|Any CPU.ActiveCfg = Release|Any CPU
		{960D9FC8-C118-4209-923E-678B93455E48}.Release|Any CPU.Build.0 = Release|Any CPU
		{58A4EBD6-D7B4-4AE2-96FE-E570EDA6EFA9}.Debug|Any CPU.ActiveCfg = Debug|Any CPU
		{58A4EBD6-D7B4-4AE2-96FE-E570EDA6EFA9}.Debug|Any CPU.Build.0 = Debug|Any CPU
		{58A4EBD6-D7B4-4AE2-96FE-E570EDA6EFA9}.Release|Any CPU.ActiveCfg = Release|Any CPU
		{58A4EBD6-D7B4-4AE2-96FE-E570EDA6EFA9}.Release|Any CPU.Build.0 = Release|Any CPU
	EndGlobalSection
	GlobalSection(NestedProjects) = preSolution
		{0C380107-4107-40CE-B369-6B6C88458052} = {808D53DB-6E94-43DA-8618-0E4587C08998}
		{E8CDD7AC-775F-4B89-AB70-32F6BC7EC54F} = {808D53DB-6E94-43DA-8618-0E4587C08998}
		{A4F6BE27-B231-478A-82E5-788E29A81910} = {808D53DB-6E94-43DA-8618-0E4587C08998}
		{35D601DD-5642-4FED-94B1-5C22F0B630FE} = {808D53DB-6E94-43DA-8618-0E4587C08998}
		{960D9FC8-C118-4209-923E-678B93455E48} = {0CFABC8E-27F4-43F5-B0C2-D9616DC19632}
		{58A4EBD6-D7B4-4AE2-96FE-E570EDA6EFA9} = {0CFABC8E-27F4-43F5-B0C2-D9616DC19632}
	EndGlobalSection
EndGlobal
